
Microsoft Visual Studio Solution File, Format Version 12.00
# Visual Studio Version 16
VisualStudioVersion = 16.0.29806.167
MinimumVisualStudioVersion = 10.0.40219.1
Project("{2150E333-8FDC-42A3-9474-1A3956D46DE8}") = "src", "src", "{AAF7D758-AE39-432D-9B01-7B268817CADA}"
EndProject
Project("{9A19103F-16F7-4668-BE54-9A1E7A4F7556}") = "Ae.Chat.Client", "src\Ae.Chat.Client\Ae.Chat.Client.csproj", "{16E866FD-7336-472B-91AA-6DD13C203A02}"
EndProject
Project("{9A19103F-16F7-4668-BE54-9A1E7A4F7556}") = "Ae.Chat.Server", "src\Ae.Chat.Server\Ae.Chat.Server.csproj", "{B9AED564-53DE-4250-AB89-0B0B23A24838}"
EndProject
Project("{FAE04EC0-301F-11D3-BF4B-00C04F79EFBC}") = "Ae.Chat.Interface", "src\Ae.Chat.Interface\Ae.Chat.Interface.csproj", "{AC24C645-F0A3-4DC2-A9CF-9AAE53856A10}"
EndProject
Global
	GlobalSection(SolutionConfigurationPlatforms) = preSolution
		Debug|Any CPU = Debug|Any CPU
		Release|Any CPU = Release|Any CPU
	EndGlobalSection
	GlobalSection(ProjectConfigurationPlatforms) = postSolution
		{16E866FD-7336-472B-91AA-6DD13C203A02}.Debug|Any CPU.ActiveCfg = Debug|Any CPU
		{16E866FD-7336-472B-91AA-6DD13C203A02}.Debug|Any CPU.Build.0 = Debug|Any CPU
		{16E866FD-7336-472B-91AA-6DD13C203A02}.Release|Any CPU.ActiveCfg = Release|Any CPU
		{16E866FD-7336-472B-91AA-6DD13C203A02}.Release|Any CPU.Build.0 = Release|Any CPU
		{B9AED564-53DE-4250-AB89-0B0B23A24838}.Debug|Any CPU.ActiveCfg = Debug|Any CPU
		{B9AED564-53DE-4250-AB89-0B0B23A24838}.Debug|Any CPU.Build.0 = Debug|Any CPU
		{B9AED564-53DE-4250-AB89-0B0B23A24838}.Release|Any CPU.ActiveCfg = Release|Any CPU
		{B9AED564-53DE-4250-AB89-0B0B23A24838}.Release|Any CPU.Build.0 = Release|Any CPU
		{AC24C645-F0A3-4DC2-A9CF-9AAE53856A10}.Debug|Any CPU.ActiveCfg = Debug|Any CPU
		{AC24C645-F0A3-4DC2-A9CF-9AAE53856A10}.Debug|Any CPU.Build.0 = Debug|Any CPU
		{AC24C645-F0A3-4DC2-A9CF-9AAE53856A10}.Release|Any CPU.ActiveCfg = Release|Any CPU
		{AC24C645-F0A3-4DC2-A9CF-9AAE53856A10}.Release|Any CPU.Build.0 = Release|Any CPU
	EndGlobalSection
	GlobalSection(SolutionProperties) = preSolution
		HideSolutionNode = FALSE
	EndGlobalSection
	GlobalSection(NestedProjects) = preSolution
		{16E866FD-7336-472B-91AA-6DD13C203A02} = {AAF7D758-AE39-432D-9B01-7B268817CADA}
		{B9AED564-53DE-4250-AB89-0B0B23A24838} = {AAF7D758-AE39-432D-9B01-7B268817CADA}
		{AC24C645-F0A3-4DC2-A9CF-9AAE53856A10} = {AAF7D758-AE39-432D-9B01-7B268817CADA}
	EndGlobalSection
	GlobalSection(ExtensibilityGlobals) = postSolution
		SolutionGuid = {1AC90125-858E-4833-8116-942437D6E65A}
	EndGlobalSection
EndGlobal
